<?xml version="1.0" encoding="utf-8"?>
<Project ToolsVersion="4.0" xmlns="http://schemas.microsoft.com/developer/msbuild/2003">
  <ItemGroup>
    <Filter Include="Source Files">
      <UniqueIdentifier>{4FC737F1-C7A5-4376-A066-2A32D752A2FF}</UniqueIdentifier>
      <Extensions>cpp;c;cc;cxx;def;odl;idl;hpj;bat;asm;asmx</Extensions>
    </Filter>
    <Filter Include="Header Files">
      <UniqueIdentifier>{93995380-89BD-4b04-88EB-625FBE52EBFB}</UniqueIdentifier>
      <Extensions>h;hh;hpp;hxx;hm;inl;inc;ipp;xsd</Extensions>
    </Filter>
    <Filter Include="Resource Files">
      <UniqueIdentifier>{67DA6AB6-F800-4c08-8B7A-83BB121AAD01}</UniqueIdentifier>
      <Extensions>rc;ico;cur;bmp;dlg;rc2;rct;bin;rgs;gif;jpg;jpeg;jpe;resx;tiff;tif;png;wav;mfcribbon-ms</Extensions>
    </Filter>
    <Filter Include="Header Files\Shape">
      <UniqueIdentifier>{b1a3692e-a761-475d-9bd7-808ebb92c0cb}</UniqueIdentifier>
    </Filter>
    <Filter Include="Source Files\Shape">
      <UniqueIdentifier>{a05ffe99-5c93-4c80-853b-c775c253442a}</UniqueIdentifier>
    </Filter>
    <Filter Include="Source Files\WorldProgram">
      <UniqueIdentifier>{250035d4-cdc7-48c1-bd88-f1209bed7606}</UniqueIdentifier>
    </Filter>
    <Filter Include="Header Files\WorldProgram">
      <UniqueIdentifier>{3c5eba5e-a2b1-43cc-9d3e-3350882b7e54}</UniqueIdentifier>
    </Filter>
    <Filter Include="Header Files\Illumination">
      <UniqueIdentifier>{10de3004-4ca2-42bc-bdbd-ca47568308cb}</UniqueIdentifier>
    </Filter>
    <Filter Include="Source Files\Illumination">
      <UniqueIdentifier>{502524ad-ab78-464e-a1f5-d418d9a87648}</UniqueIdentifier>
    </Filter>
    <Filter Include="Header Files\Data">
      <UniqueIdentifier>{bfbbd1a6-d97a-4259-a3e4-b309df08eec8}</UniqueIdentifier>
    </Filter>
    <Filter Include="Source Files\Data">
      <UniqueIdentifier>{95bdaeaf-057a-48d4-8aa4-20309280e643}</UniqueIdentifier>
    </Filter>
  </ItemGroup>
  <ItemGroup>
    <None Include="packages.config" />
  </ItemGroup>
  <ItemGroup>
    <ClCompile Include="src\camera.cpp">
      <Filter>Source Files</Filter>
    </ClCompile>
    <ClCompile Include="src\driver.cpp">
      <Filter>Source Files</Filter>
    </ClCompile>
    <ClCompile Include="src\world.cpp">
      <Filter>Source Files</Filter>
    </ClCompile>
    <ClCompile Include="$(MSBuildThisFileDirectory)..\..\lib\native\src\lodepng.cpp">
      <Filter>Source Files</Filter>
    </ClCompile>
    <ClCompile Include="src\Shape\sphere.cpp">
      <Filter>Source Files\Shape</Filter>
    </ClCompile>
    <ClCompile Include="src\Shape\triangle.cpp">
      <Filter>Source Files\Shape</Filter>
    </ClCompile>
    <ClCompile Include="src\WorldProgram\cameraProgram.cpp">
      <Filter>Source Files\WorldProgram</Filter>
    </ClCompile>
    <ClCompile Include="src\WorldProgram\reader.cpp">
      <Filter>Source Files\WorldProgram</Filter>
    </ClCompile>
    <ClCompile Include="src\WorldProgram\sphereProgram.cpp">
      <Filter>Source Files\WorldProgram</Filter>
    </ClCompile>
    <ClCompile Include="src\WorldProgram\triangleProgram.cpp">
      <Filter>Source Files\WorldProgram</Filter>
    </ClCompile>
    <ClCompile Include="src\Illumination\flatModel.cpp">
      <Filter>Source Files\Illumination</Filter>
    </ClCompile>
    <ClCompile Include="src\Data\image.cpp">
      <Filter>Source Files\Data</Filter>
    </ClCompile>
    <ClCompile Include="src\Illumination\phongModel.cpp">
      <Filter>Source Files\Illumination</Filter>
    </ClCompile>
  </ItemGroup>
  <ItemGroup>
    <ClInclude Include="header\camera.h">
      <Filter>Header Files</Filter>
    </ClInclude>
    <ClInclude Include="header\world.h">
      <Filter>Header Files</Filter>
    </ClInclude>
    <ClInclude Include="header\Shape\shape.h">
      <Filter>Header Files\Shape</Filter>
    </ClInclude>
    <ClInclude Include="header\Shape\sphere.h">
      <Filter>Header Files\Shape</Filter>
    </ClInclude>
    <ClInclude Include="header\Shape\triangle.h">
      <Filter>Header Files\Shape</Filter>
    </ClInclude>
    <ClInclude Include="header\WorldProgram\cameraProgram.h">
      <Filter>Header Files\WorldProgram</Filter>
    </ClInclude>
    <ClInclude Include="header\WorldProgram\reader.h">
      <Filter>Header Files\WorldProgram</Filter>
    </ClInclude>
    <ClInclude Include="header\WorldProgram\shapeProgram.h">
      <Filter>Header Files\WorldProgram</Filter>
    </ClInclude>
    <ClInclude Include="header\WorldProgram\sphereProgram.h">
      <Filter>Header Files\WorldProgram</Filter>
    </ClInclude>
    <ClInclude Include="header\WorldProgram\triangleProgram.h">
      <Filter>Header Files\WorldProgram</Filter>
    </ClInclude>
    <ClInclude Include="header\Illumination\illuminationModel.h">
      <Filter>Header Files\Illumination</Filter>
    </ClInclude>
    <ClInclude Include="header\Illumination\flatModel.h">
      <Filter>Header Files\Illumination</Filter>
    </ClInclude>
    <ClInclude Include="header\Data\image.h">
      <Filter>Header Files\Data</Filter>
    </ClInclude>
    <ClInclude Include="header\Data\intersection.h">
      <Filter>Header Files\Data</Filter>
    </ClInclude>
    <ClInclude Include="header\Illumination\phongModel.h">
      <Filter>Header Files\Illumination</Filter>
    </ClInclude>
  </ItemGroup>
</Project>